{
    "_meta": {
        "hash": {
            "sha256": "3f55ba6bdd88445f2a258c9269f533f03e9c78756e102f1793e0628317dd4086"
        },
        "pipfile-spec": 6,
        "requires": {
            "python_version": "3.10"
        },
        "sources": [
            {
                "name": "pypi",
                "url": "https://pypi.python.org/simple",
                "verify_ssl": true
            }
        ]
    },
    "default": {
        "sqlalchemy": {
            "extras": [
                "asyncio"
            ]
        }
    },
    "develop": {}
}
